
Microsoft Visual Studio Solution File, Format Version 12.00
# Visual Studio Version 16
VisualStudioVersion = 16.0.32413.511
MinimumVisualStudioVersion = 10.0.40219.1
Project("{FAE04EC0-301F-11D3-BF4B-00C04F79EFBC}") = "LinqImplementation", "LinqImplementation.csproj", "{BFF23F43-85E1-4E1B-BAEE-7D7D2E282B53}"
EndProject
Global
	GlobalSection(SolutionConfigurationPlatforms) = preSolution
		Debug|Any CPU = Debug|Any CPU
		Release|Any CPU = Release|Any CPU
	EndGlobalSection
	GlobalSection(ProjectConfigurationPlatforms) = postSolution
		{BFF23F43-85E1-4E1B-BAEE-7D7D2E282B53}.Debug|Any CPU.ActiveCfg = Debug|Any CPU
		{BFF23F43-85E1-4E1B-BAEE-7D7D2E282B53}.Debug|Any CPU.Build.0 = Debug|Any CPU
		{BFF23F43-85E1-4E1B-BAEE-7D7D2E282B53}.Release|Any CPU.ActiveCfg = Release|Any CPU
		{BFF23F43-85E1-4E1B-BAEE-7D7D2E282B53}.Release|Any CPU.Build.0 = Release|Any CPU
	EndGlobalSection
	GlobalSection(SolutionProperties) = preSolution
		HideSolutionNode = FALSE
	EndGlobalSection
	GlobalSection(ExtensibilityGlobals) = postSolution
		SolutionGuid = {C2C1998B-DFE4-4B5D-BE3A-A49D523026C4}
	EndGlobalSection
EndGlobal
